
Microsoft Visual Studio Solution File, Format Version 12.00
# Visual Studio Version 16
VisualStudioVersion = 16.0.31729.503
MinimumVisualStudioVersion = 10.0.40219.1
Project("{FAE04EC0-301F-11D3-BF4B-00C04F79EFBC}") = "OopExample3", "OopExample3\OopExample3.csproj", "{705F1609-D7F4-487B-B241-BD2E29CDFD2C}"
EndProject
Global
	GlobalSection(SolutionConfigurationPlatforms) = preSolution
		Debug|Any CPU = Debug|Any CPU
		Release|Any CPU = Release|Any CPU
	EndGlobalSection
	GlobalSection(ProjectConfigurationPlatforms) = postSolution
		{705F1609-D7F4-487B-B241-BD2E29CDFD2C}.Debug|Any CPU.ActiveCfg = Debug|Any CPU
		{705F1609-D7F4-487B-B241-BD2E29CDFD2C}.Debug|Any CPU.Build.0 = Debug|Any CPU
		{705F1609-D7F4-487B-B241-BD2E29CDFD2C}.Release|Any CPU.ActiveCfg = Release|Any CPU
		{705F1609-D7F4-487B-B241-BD2E29CDFD2C}.Release|Any CPU.Build.0 = Release|Any CPU
	EndGlobalSection
	GlobalSection(SolutionProperties) = preSolution
		HideSolutionNode = FALSE
	EndGlobalSection
	GlobalSection(ExtensibilityGlobals) = postSolution
		SolutionGuid = {F01CEA35-CCE4-40CC-896B-CDEF62906DB6}
	EndGlobalSection
EndGlobal
