
Microsoft Visual Studio Solution File, Format Version 12.00
# Visual Studio Version 16
VisualStudioVersion = 16.0.31729.503
MinimumVisualStudioVersion = 10.0.40219.1
Project("{FAE04EC0-301F-11D3-BF4B-00C04F79EFBC}") = "OopExample2", "OopExample2\OopExample2.csproj", "{A64B947D-06C7-4CE0-A907-92AC9763BB1F}"
EndProject
Global
	GlobalSection(SolutionConfigurationPlatforms) = preSolution
		Debug|Any CPU = Debug|Any CPU
		Release|Any CPU = Release|Any CPU
	EndGlobalSection
	GlobalSection(ProjectConfigurationPlatforms) = postSolution
		{A64B947D-06C7-4CE0-A907-92AC9763BB1F}.Debug|Any CPU.ActiveCfg = Debug|Any CPU
		{A64B947D-06C7-4CE0-A907-92AC9763BB1F}.Debug|Any CPU.Build.0 = Debug|Any CPU
		{A64B947D-06C7-4CE0-A907-92AC9763BB1F}.Release|Any CPU.ActiveCfg = Release|Any CPU
		{A64B947D-06C7-4CE0-A907-92AC9763BB1F}.Release|Any CPU.Build.0 = Release|Any CPU
	EndGlobalSection
	GlobalSection(SolutionProperties) = preSolution
		HideSolutionNode = FALSE
	EndGlobalSection
	GlobalSection(ExtensibilityGlobals) = postSolution
		SolutionGuid = {D2F6F207-F545-48C5-8EC3-5CBEC8C906D0}
	EndGlobalSection
EndGlobal
