
Microsoft Visual Studio Solution File, Format Version 12.00
# Visual Studio Version 16
VisualStudioVersion = 16.0.31702.278
MinimumVisualStudioVersion = 10.0.40219.1
Project("{FAE04EC0-301F-11D3-BF4B-00C04F79EFBC}") = "Calculator", "Calculator\Calculator.csproj", "{DD9AD93A-B3A2-4451-AB0C-4AD5CD1BE402}"
EndProject
Global
	GlobalSection(SolutionConfigurationPlatforms) = preSolution
		Debug|Any CPU = Debug|Any CPU
		Release|Any CPU = Release|Any CPU
	EndGlobalSection
	GlobalSection(ProjectConfigurationPlatforms) = postSolution
		{DD9AD93A-B3A2-4451-AB0C-4AD5CD1BE402}.Debug|Any CPU.ActiveCfg = Debug|Any CPU
		{DD9AD93A-B3A2-4451-AB0C-4AD5CD1BE402}.Debug|Any CPU.Build.0 = Debug|Any CPU
		{DD9AD93A-B3A2-4451-AB0C-4AD5CD1BE402}.Release|Any CPU.ActiveCfg = Release|Any CPU
		{DD9AD93A-B3A2-4451-AB0C-4AD5CD1BE402}.Release|Any CPU.Build.0 = Release|Any CPU
	EndGlobalSection
	GlobalSection(SolutionProperties) = preSolution
		HideSolutionNode = FALSE
	EndGlobalSection
	GlobalSection(ExtensibilityGlobals) = postSolution
		SolutionGuid = {5EEB361B-BA20-4D5F-8D98-8B5D26659513}
	EndGlobalSection
EndGlobal
